lockfileVersion: '6.0'

settings:
  autoInstallPeers: true
  excludeLinksFromLockfile: false

devDependencies:
  prettier:
    specifier: ^3.3.2
    version: 3.3.2
  prettier-plugin-solidity:
    specifier: ^1.3.1
    version: 1.3.1(prettier@3.3.2)

packages:

  /@solidity-parser/parser@0.17.0:
    resolution: {integrity: sha512-Nko8R0/kUo391jsEHHxrGM07QFdnPGvlmox4rmH0kNiNAashItAilhy4Mv4pK5gQmW5f4sXAF58fwJbmlkGcVw==}
    dev: true

  /prettier-plugin-solidity@1.3.1(prettier@3.3.2):
    resolution: {integrity: sha512-MN4OP5I2gHAzHZG1wcuJl0FsLS3c4Cc5494bbg+6oQWBPuEamjwDvmGfFMZ6NFzsh3Efd9UUxeT7ImgjNH4ozA==}
    engines: {node: '>=16'}
    peerDependencies:
      prettier: '>=2.3.0'
    dependencies:
      '@solidity-parser/parser': 0.17.0
      prettier: 3.3.2
      semver: 7.6.2
      solidity-comments-extractor: 0.0.8
    dev: true

  /prettier@3.3.2:
    resolution: {integrity: sha512-rAVeHYMcv8ATV5d508CFdn+8/pHPpXeIid1DdrPwXnaAdH7cqjVbpJaT5eq4yRAFU/lsbwYwSF/n5iNrdJHPQA==}
    engines: {node: '>=14'}
    hasBin: true
    dev: true

  /semver@7.6.2:
    resolution: {integrity: sha512-FNAIBWCx9qcRhoHcgcJ0gvU7SN1lYU2ZXuSfl04bSC5OpvDHFyJCjdNHomPXxjQlCBU67YW64PzY7/VIEH7F2w==}
    engines: {node: '>=10'}
    hasBin: true
    dev: true

  /solidity-comments-extractor@0.0.8:
    resolution: {integrity: sha512-htM7Vn6LhHreR+EglVMd2s+sZhcXAirB1Zlyrv5zBuTxieCvjfnRpd7iZk75m/u6NOlEyQ94C6TWbBn2cY7w8g==}
    dev: true
